{
  "name": "such-moon-launch-nakama-runtime",
  "version": "1.0.0",
  "lockfileVersion": 3,
  "requires": true,
  "packages": {
    "": {
      "name": "such-moon-launch-nakama-runtime",
      "version": "1.0.0",
      "license": "UNLICENSED",
      "devDependencies": {
        "nakama-runtime": "https://github.com/heroiclabs/nakama-common/archive/refs/tags/v1.47.0.tar.gz",
        "typescript": "5.9.3"
      }
    },
    "node_modules/nakama-runtime": {
      "version": "1.47.0",
      "resolved": "https://github.com/heroiclabs/nakama-common/archive/refs/tags/v1.47.0.tar.gz",
      "integrity": "sha512-NZjJHubrN7HsGIyTZpA5CsVZp/ofk8ELZ1JUM7+62z5VEr8RLshW4L2T6h4eVQvmDK9W2wsIUg7zFNkh1gmqVw==",
      "dev": true,
      "license": "Apache-2.0"
    },
    "node_modules/typescript": {
      "version": "5.9.3",
      "resolved": "https://registry.npmjs.org/typescript/-/typescript-5.9.3.tgz",
      "integrity": "sha512-jl1vZzPDinLr9eUt3J/t7V6FgNEw9QjvBPdysz9KfQDD41fQrC2Y4vKQdiaUpFT4bXlb1RHhLpp8wtm6M5TgSw==",
      "dev": true,
      "license": "Apache-2.0",
      "bin": {
        "tsc": "bin/tsc",
        "tsserver": "bin/tsserver"
      },
      "engines": {
        "node": ">=14.17"
      }
    }
  }
}
